<?xml version="1.0" encoding="utf-8"?>
<Project ToolsVersion="4.0" xmlns="http://schemas.microsoft.com/developer/msbuild/2003">
  <ItemGroup>
    <Filter Include="Source Files">
      <UniqueIdentifier>{75dae5b5-3a52-45a5-b5c4-fcb5e5ef7fac}</UniqueIdentifier>
    </Filter>
    <Filter Include="Header Files">
      <UniqueIdentifier>{e864b102-4610-4b94-a700-a41cab74e5ab}</UniqueIdentifier>
    </Filter>
  </ItemGroup>
  <ItemGroup>
    <ClCompile Include="..\share\mapc.c">
      <Filter>Source Files</Filter>
    </ClCompile>
    <ClCompile Include="..\share\base_config.c">
      <Filter>Source Files</Filter>
    </ClCompile>
    <ClCompile Include="..\share\common.c">
      <Filter>Source Files</Filter>
    </ClCompile>
    <ClCompile Include="..\share\fs_common.c">
      <Filter>Source Files</Filter>
    </ClCompile>
    <ClCompile Include="..\share\fs_jpg.c">
      <Filter>Source Files</Filter>
    </ClCompile>
    <ClCompile Include="..\share\fs_png.c">
      <Filter>Source Files</Filter>
    </ClCompile>
    <ClCompile Include="..\share\dir.c">
      <Filter>Source Files</Filter>
    </ClCompile>
    <ClCompile Include="..\share\array.c">
      <Filter>Source Files</Filter>
    </ClCompile>
    <ClCompile Include="..\share\binary.c">
      <Filter>Source Files</Filter>
    </ClCompile>
    <ClCompile Include="..\share\log.c">
      <Filter>Source Files</Filter>
    </ClCompile>
    <ClCompile Include="..\share\list.c">
      <Filter>Source Files</Filter>
    </ClCompile>
    <ClCompile Include="..\share\fs_stdio.c">
      <Filter>Source Files</Filter>
    </ClCompile>
    <ClCompile Include="..\share\vec3.c">
      <Filter>Source Files</Filter>
    </ClCompile>
    <ClCompile Include="..\share\solid_base.c">
      <Filter>Source Files</Filter>
    </ClCompile>
    <ClCompile Include="..\share\base_image.c">
      <Filter>Source Files</Filter>
    </ClCompile>
    <ClCompile Include="..\share\zip.c">
      <Filter>Source Files</Filter>
    </ClCompile>
  </ItemGroup>
  <ItemGroup>
    <ClInclude Include="..\share\solid_base.h">
      <Filter>Header Files</Filter>
    </ClInclude>
    <ClInclude Include="..\share\solid_chkp.h">
      <Filter>Header Files</Filter>
    </ClInclude>
    <ClInclude Include="..\share\vec3.h">
      <Filter>Header Files</Filter>
    </ClInclude>
    <ClInclude Include="..\share\base_config.h">
      <Filter>Header Files</Filter>
    </ClInclude>
    <ClInclude Include="..\share\fs.h">
      <Filter>Header Files</Filter>
    </ClInclude>
    <ClInclude Include="..\share\common.h">
      <Filter>Header Files</Filter>
    </ClInclude>
    <ClInclude Include="..\share\dir.h">
      <Filter>Header Files</Filter>
    </ClInclude>
    <ClInclude Include="..\share\array.h">
      <Filter>Header Files</Filter>
    </ClInclude>
    <ClInclude Include="..\share\binary.h">
      <Filter>Header Files</Filter>
    </ClInclude>
    <ClInclude Include="..\share\log.h">
      <Filter>Header Files</Filter>
    </ClInclude>
    <ClInclude Include="..\share\list.h">
      <Filter>Header Files</Filter>
    </ClInclude>
    <ClInclude Include="..\share\miniz.h">
      <Filter>Header Files</Filter>
    </ClInclude>
    <ClInclude Include="..\share\zip.h">
      <Filter>Header Files</Filter>
    </ClInclude>
  </ItemGroup>
</Project>